
Microsoft Visual Studio Solution File, Format Version 12.00
# Visual Studio Version 17
VisualStudioVersion = 17.9.34723.18
MinimumVisualStudioVersion = 10.0.40219.1
Project("{FAE04EC0-301F-11D3-BF4B-00C04F79EFBC}") = "Web_Intro", "Web_Intro\Web_Intro.csproj", "{32DA3F83-F264-46A6-802A-731A8844F6EE}"
EndProject
Global
	GlobalSection(SolutionConfigurationPlatforms) = preSolution
		Debug|Any CPU = Debug|Any CPU
		Release|Any CPU = Release|Any CPU
	EndGlobalSection
	GlobalSection(ProjectConfigurationPlatforms) = postSolution
		{32DA3F83-F264-46A6-802A-731A8844F6EE}.Debug|Any CPU.ActiveCfg = Debug|Any CPU
		{32DA3F83-F264-46A6-802A-731A8844F6EE}.Debug|Any CPU.Build.0 = Debug|Any CPU
		{32DA3F83-F264-46A6-802A-731A8844F6EE}.Release|Any CPU.ActiveCfg = Release|Any CPU
		{32DA3F83-F264-46A6-802A-731A8844F6EE}.Release|Any CPU.Build.0 = Release|Any CPU
	EndGlobalSection
	GlobalSection(SolutionProperties) = preSolution
		HideSolutionNode = FALSE
	EndGlobalSection
	GlobalSection(ExtensibilityGlobals) = postSolution
		SolutionGuid = {68EF0780-5B72-4CD7-A967-738439F2BE3A}
	EndGlobalSection
EndGlobal
